
Microsoft Visual Studio Solution File, Format Version 12.00
# Visual Studio Version 17
VisualStudioVersion = 17.0.31903.59
MinimumVisualStudioVersion = 10.0.40219.1
Project("{2150E333-8FDC-42A3-9474-1A3956D46DE8}") = "src", "src", "{827E0CD3-B72D-47B6-A68D-7590B98EB39B}"
EndProject
Project("{FAE04EC0-301F-11D3-BF4B-00C04F79EFBC}") = "OpenAWork.Gateway.Host", "src\OpenAWork.Gateway.Host\OpenAWork.Gateway.Host.csproj", "{AA5AF955-5AAF-47E2-8123-EE6D7F52DD0B}"
EndProject
Project("{FAE04EC0-301F-11D3-BF4B-00C04F79EFBC}") = "OpenAWork.Gateway.Contracts", "src\OpenAWork.Gateway.Contracts\OpenAWork.Gateway.Contracts.csproj", "{BBFF9D13-9B40-41D2-A978-3D6D52F6FE12}"
EndProject
Project("{FAE04EC0-301F-11D3-BF4B-00C04F79EFBC}") = "OpenAWork.Gateway.Application", "src\OpenAWork.Gateway.Application\OpenAWork.Gateway.Application.csproj", "{EC7EFABF-D638-4BC3-BD37-5679F790D879}"
EndProject
Project("{FAE04EC0-301F-11D3-BF4B-00C04F79EFBC}") = "OpenAWork.Gateway.Domain", "src\OpenAWork.Gateway.Domain\OpenAWork.Gateway.Domain.csproj", "{5D6A5D43-76DA-4D86-9E78-4A5EF6285748}"
EndProject
Project("{FAE04EC0-301F-11D3-BF4B-00C04F79EFBC}") = "OpenAWork.Gateway.Infrastructure", "src\OpenAWork.Gateway.Infrastructure\OpenAWork.Gateway.Infrastructure.csproj", "{08050276-7FAB-4717-9722-5FD6661F1C5E}"
EndProject
Project("{FAE04EC0-301F-11D3-BF4B-00C04F79EFBC}") = "OpenAWork.Gateway.Persistence.EFCore", "src\OpenAWork.Gateway.Persistence.EFCore\OpenAWork.Gateway.Persistence.EFCore.csproj", "{0BBD8F23-37C1-450E-9684-22A70CDC9133}"
EndProject
Project("{FAE04EC0-301F-11D3-BF4B-00C04F79EFBC}") = "OpenAWork.Gateway.Persistence.Sqlite", "src\OpenAWork.Gateway.Persistence.Sqlite\OpenAWork.Gateway.Persistence.Sqlite.csproj", "{86810803-52A9-4090-BFDA-FCEE36BB6D6A}"
EndProject
Project("{FAE04EC0-301F-11D3-BF4B-00C04F79EFBC}") = "OpenAWork.Gateway.Persistence.PostgreSql", "src\OpenAWork.Gateway.Persistence.PostgreSql\OpenAWork.Gateway.Persistence.PostgreSql.csproj", "{B0C9867D-F4A4-4289-A297-F624C06B04BB}"
EndProject
Project("{2150E333-8FDC-42A3-9474-1A3956D46DE8}") = "tests", "tests", "{0AB3BF05-4346-4AA6-1389-037BE0695223}"
EndProject
Project("{FAE04EC0-301F-11D3-BF4B-00C04F79EFBC}") = "OpenAWork.Gateway.UnitTests", "tests\OpenAWork.Gateway.UnitTests\OpenAWork.Gateway.UnitTests.csproj", "{1B47BB61-A48B-4482-B0D6-2B1B2FE9FA69}"
EndProject
Project("{FAE04EC0-301F-11D3-BF4B-00C04F79EFBC}") = "OpenAWork.Gateway.IntegrationTests", "tests\OpenAWork.Gateway.IntegrationTests\OpenAWork.Gateway.IntegrationTests.csproj", "{29981C36-9411-486E-9288-C2E060E046A0}"
EndProject
Project("{FAE04EC0-301F-11D3-BF4B-00C04F79EFBC}") = "OpenAWork.Gateway.ScenarioVerification", "tests\OpenAWork.Gateway.ScenarioVerification\OpenAWork.Gateway.ScenarioVerification.csproj", "{AAB45E11-F627-408F-B69F-9461920EED84}"
EndProject
Global
	GlobalSection(SolutionConfigurationPlatforms) = preSolution
		Debug|Any CPU = Debug|Any CPU
		Debug|x64 = Debug|x64
		Debug|x86 = Debug|x86
		Release|Any CPU = Release|Any CPU
		Release|x64 = Release|x64
		Release|x86 = Release|x86
	EndGlobalSection
	GlobalSection(ProjectConfigurationPlatforms) = postSolution
		{AA5AF955-5AAF-47E2-8123-EE6D7F52DD0B}.Debug|Any CPU.ActiveCfg = Debug|Any CPU
		{AA5AF955-5AAF-47E2-8123-EE6D7F52DD0B}.Debug|Any CPU.Build.0 = Debug|Any CPU
		{AA5AF955-5AAF-47E2-8123-EE6D7F52DD0B}.Debug|x64.ActiveCfg = Debug|Any CPU
		{AA5AF955-5AAF-47E2-8123-EE6D7F52DD0B}.Debug|x64.Build.0 = Debug|Any CPU
		{AA5AF955-5AAF-47E2-8123-EE6D7F52DD0B}.Debug|x86.ActiveCfg = Debug|Any CPU
		{AA5AF955-5AAF-47E2-8123-EE6D7F52DD0B}.Debug|x86.Build.0 = Debug|Any CPU
		{AA5AF955-5AAF-47E2-8123-EE6D7F52DD0B}.Release|Any CPU.ActiveCfg = Release|Any CPU
		{AA5AF955-5AAF-47E2-8123-EE6D7F52DD0B}.Release|Any CPU.Build.0 = Release|Any CPU
		{AA5AF955-5AAF-47E2-8123-EE6D7F52DD0B}.Release|x64.ActiveCfg = Release|Any CPU
		{AA5AF955-5AAF-47E2-8123-EE6D7F52DD0B}.Release|x64.Build.0 = Release|Any CPU
		{AA5AF955-5AAF-47E2-8123-EE6D7F52DD0B}.Release|x86.ActiveCfg = Release|Any CPU
		{AA5AF955-5AAF-47E2-8123-EE6D7F52DD0B}.Release|x86.Build.0 = Release|Any CPU
		{BBFF9D13-9B40-41D2-A978-3D6D52F6FE12}.Debug|Any CPU.ActiveCfg = Debug|Any CPU
		{BBFF9D13-9B40-41D2-A978-3D6D52F6FE12}.Debug|Any CPU.Build.0 = Debug|Any CPU
		{BBFF9D13-9B40-41D2-A978-3D6D52F6FE12}.Debug|x64.ActiveCfg = Debug|Any CPU
		{BBFF9D13-9B40-41D2-A978-3D6D52F6FE12}.Debug|x64.Build.0 = Debug|Any CPU
		{BBFF9D13-9B40-41D2-A978-3D6D52F6FE12}.Debug|x86.ActiveCfg = Debug|Any CPU
		{BBFF9D13-9B40-41D2-A978-3D6D52F6FE12}.Debug|x86.Build.0 = Debug|Any CPU
		{BBFF9D13-9B40-41D2-A978-3D6D52F6FE12}.Release|Any CPU.ActiveCfg = Release|Any CPU
		{BBFF9D13-9B40-41D2-A978-3D6D52F6FE12}.Release|Any CPU.Build.0 = Release|Any CPU
		{BBFF9D13-9B40-41D2-A978-3D6D52F6FE12}.Release|x64.ActiveCfg = Release|Any CPU
		{BBFF9D13-9B40-41D2-A978-3D6D52F6FE12}.Release|x64.Build.0 = Release|Any CPU
		{BBFF9D13-9B40-41D2-A978-3D6D52F6FE12}.Release|x86.ActiveCfg = Release|Any CPU
		{BBFF9D13-9B40-41D2-A978-3D6D52F6FE12}.Release|x86.Build.0 = Release|Any CPU
		{EC7EFABF-D638-4BC3-BD37-5679F790D879}.Debug|Any CPU.ActiveCfg = Debug|Any CPU
		{EC7EFABF-D638-4BC3-BD37-5679F790D879}.Debug|Any CPU.Build.0 = Debug|Any CPU
		{EC7EFABF-D638-4BC3-BD37-5679F790D879}.Debug|x64.ActiveCfg = Debug|Any CPU
		{EC7EFABF-D638-4BC3-BD37-5679F790D879}.Debug|x64.Build.0 = Debug|Any CPU
		{EC7EFABF-D638-4BC3-BD37-5679F790D879}.Debug|x86.ActiveCfg = Debug|Any CPU
		{EC7EFABF-D638-4BC3-BD37-5679F790D879}.Debug|x86.Build.0 = Debug|Any CPU
		{EC7EFABF-D638-4BC3-BD37-5679F790D879}.Release|Any CPU.ActiveCfg = Release|Any CPU
		{EC7EFABF-D638-4BC3-BD37-5679F790D879}.Release|Any CPU.Build.0 = Release|Any CPU
		{EC7EFABF-D638-4BC3-BD37-5679F790D879}.Release|x64.ActiveCfg = Release|Any CPU
		{EC7EFABF-D638-4BC3-BD37-5679F790D879}.Release|x64.Build.0 = Release|Any CPU
		{EC7EFABF-D638-4BC3-BD37-5679F790D879}.Release|x86.ActiveCfg = Release|Any CPU
		{EC7EFABF-D638-4BC3-BD37-5679F790D879}.Release|x86.Build.0 = Release|Any CPU
		{5D6A5D43-76DA-4D86-9E78-4A5EF6285748}.Debug|Any CPU.ActiveCfg = Debug|Any CPU
		{5D6A5D43-76DA-4D86-9E78-4A5EF6285748}.Debug|Any CPU.Build.0 = Debug|Any CPU
		{5D6A5D43-76DA-4D86-9E78-4A5EF6285748}.Debug|x64.ActiveCfg = Debug|Any CPU
		{5D6A5D43-76DA-4D86-9E78-4A5EF6285748}.Debug|x64.Build.0 = Debug|Any CPU
		{5D6A5D43-76DA-4D86-9E78-4A5EF6285748}.Debug|x86.ActiveCfg = Debug|Any CPU
		{5D6A5D43-76DA-4D86-9E78-4A5EF6285748}.Debug|x86.Build.0 = Debug|Any CPU
		{5D6A5D43-76DA-4D86-9E78-4A5EF6285748}.Release|Any CPU.ActiveCfg = Release|Any CPU
		{5D6A5D43-76DA-4D86-9E78-4A5EF6285748}.Release|Any CPU.Build.0 = Release|Any CPU
		{5D6A5D43-76DA-4D86-9E78-4A5EF6285748}.Release|x64.ActiveCfg = Release|Any CPU
		{5D6A5D43-76DA-4D86-9E78-4A5EF6285748}.Release|x64.Build.0 = Release|Any CPU
		{5D6A5D43-76DA-4D86-9E78-4A5EF6285748}.Release|x86.ActiveCfg = Release|Any CPU
		{5D6A5D43-76DA-4D86-9E78-4A5EF6285748}.Release|x86.Build.0 = Release|Any CPU
		{08050276-7FAB-4717-9722-5FD6661F1C5E}.Debug|Any CPU.ActiveCfg = Debug|Any CPU
		{08050276-7FAB-4717-9722-5FD6661F1C5E}.Debug|Any CPU.Build.0 = Debug|Any CPU
		{08050276-7FAB-4717-9722-5FD6661F1C5E}.Debug|x64.ActiveCfg = Debug|Any CPU
		{08050276-7FAB-4717-9722-5FD6661F1C5E}.Debug|x64.Build.0 = Debug|Any CPU
		{08050276-7FAB-4717-9722-5FD6661F1C5E}.Debug|x86.ActiveCfg = Debug|Any CPU
		{08050276-7FAB-4717-9722-5FD6661F1C5E}.Debug|x86.Build.0 = Debug|Any CPU
		{08050276-7FAB-4717-9722-5FD6661F1C5E}.Release|Any CPU.ActiveCfg = Release|Any CPU
		{08050276-7FAB-4717-9722-5FD6661F1C5E}.Release|Any CPU.Build.0 = Release|Any CPU
		{08050276-7FAB-4717-9722-5FD6661F1C5E}.Release|x64.ActiveCfg = Release|Any CPU
		{08050276-7FAB-4717-9722-5FD6661F1C5E}.Release|x64.Build.0 = Release|Any CPU
		{08050276-7FAB-4717-9722-5FD6661F1C5E}.Release|x86.ActiveCfg = Release|Any CPU
		{08050276-7FAB-4717-9722-5FD6661F1C5E}.Release|x86.Build.0 = Release|Any CPU
		{0BBD8F23-37C1-450E-9684-22A70CDC9133}.Debug|Any CPU.ActiveCfg = Debug|Any CPU
		{0BBD8F23-37C1-450E-9684-22A70CDC9133}.Debug|Any CPU.Build.0 = Debug|Any CPU
		{0BBD8F23-37C1-450E-9684-22A70CDC9133}.Debug|x64.ActiveCfg = Debug|Any CPU
		{0BBD8F23-37C1-450E-9684-22A70CDC9133}.Debug|x64.Build.0 = Debug|Any CPU
		{0BBD8F23-37C1-450E-9684-22A70CDC9133}.Debug|x86.ActiveCfg = Debug|Any CPU
		{0BBD8F23-37C1-450E-9684-22A70CDC9133}.Debug|x86.Build.0 = Debug|Any CPU
		{0BBD8F23-37C1-450E-9684-22A70CDC9133}.Release|Any CPU.ActiveCfg = Release|Any CPU
		{0BBD8F23-37C1-450E-9684-22A70CDC9133}.Release|Any CPU.Build.0 = Release|Any CPU
		{0BBD8F23-37C1-450E-9684-22A70CDC9133}.Release|x64.ActiveCfg = Release|Any CPU
		{0BBD8F23-37C1-450E-9684-22A70CDC9133}.Release|x64.Build.0 = Release|Any CPU
		{0BBD8F23-37C1-450E-9684-22A70CDC9133}.Release|x86.ActiveCfg = Release|Any CPU
		{0BBD8F23-37C1-450E-9684-22A70CDC9133}.Release|x86.Build.0 = Release|Any CPU
		{86810803-52A9-4090-BFDA-FCEE36BB6D6A}.Debug|Any CPU.ActiveCfg = Debug|Any CPU
		{86810803-52A9-4090-BFDA-FCEE36BB6D6A}.Debug|Any CPU.Build.0 = Debug|Any CPU
		{86810803-52A9-4090-BFDA-FCEE36BB6D6A}.Debug|x64.ActiveCfg = Debug|Any CPU
		{86810803-52A9-4090-BFDA-FCEE36BB6D6A}.Debug|x64.Build.0 = Debug|Any CPU
		{86810803-52A9-4090-BFDA-FCEE36BB6D6A}.Debug|x86.ActiveCfg = Debug|Any CPU
		{86810803-52A9-4090-BFDA-FCEE36BB6D6A}.Debug|x86.Build.0 = Debug|Any CPU
		{86810803-52A9-4090-BFDA-FCEE36BB6D6A}.Release|Any CPU.ActiveCfg = Release|Any CPU
		{86810803-52A9-4090-BFDA-FCEE36BB6D6A}.Release|Any CPU.Build.0 = Release|Any CPU
		{86810803-52A9-4090-BFDA-FCEE36BB6D6A}.Release|x64.ActiveCfg = Release|Any CPU
		{86810803-52A9-4090-BFDA-FCEE36BB6D6A}.Release|x64.Build.0 = Release|Any CPU
		{86810803-52A9-4090-BFDA-FCEE36BB6D6A}.Release|x86.ActiveCfg = Release|Any CPU
		{86810803-52A9-4090-BFDA-FCEE36BB6D6A}.Release|x86.Build.0 = Release|Any CPU
		{B0C9867D-F4A4-4289-A297-F624C06B04BB}.Debug|Any CPU.ActiveCfg = Debug|Any CPU
		{B0C9867D-F4A4-4289-A297-F624C06B04BB}.Debug|Any CPU.Build.0 = Debug|Any CPU
		{B0C9867D-F4A4-4289-A297-F624C06B04BB}.Debug|x64.ActiveCfg = Debug|Any CPU
		{B0C9867D-F4A4-4289-A297-F624C06B04BB}.Debug|x64.Build.0 = Debug|Any CPU
		{B0C9867D-F4A4-4289-A297-F624C06B04BB}.Debug|x86.ActiveCfg = Debug|Any CPU
		{B0C9867D-F4A4-4289-A297-F624C06B04BB}.Debug|x86.Build.0 = Debug|Any CPU
		{B0C9867D-F4A4-4289-A297-F624C06B04BB}.Release|Any CPU.ActiveCfg = Release|Any CPU
		{B0C9867D-F4A4-4289-A297-F624C06B04BB}.Release|Any CPU.Build.0 = Release|Any CPU
		{B0C9867D-F4A4-4289-A297-F624C06B04BB}.Release|x64.ActiveCfg = Release|Any CPU
		{B0C9867D-F4A4-4289-A297-F624C06B04BB}.Release|x64.Build.0 = Release|Any CPU
		{B0C9867D-F4A4-4289-A297-F624C06B04BB}.Release|x86.ActiveCfg = Release|Any CPU
		{B0C9867D-F4A4-4289-A297-F624C06B04BB}.Release|x86.Build.0 = Release|Any CPU
		{1B47BB61-A48B-4482-B0D6-2B1B2FE9FA69}.Debug|Any CPU.ActiveCfg = Debug|Any CPU
		{1B47BB61-A48B-4482-B0D6-2B1B2FE9FA69}.Debug|Any CPU.Build.0 = Debug|Any CPU
		{1B47BB61-A48B-4482-B0D6-2B1B2FE9FA69}.Debug|x64.ActiveCfg = Debug|Any CPU
		{1B47BB61-A48B-4482-B0D6-2B1B2FE9FA69}.Debug|x64.Build.0 = Debug|Any CPU
		{1B47BB61-A48B-4482-B0D6-2B1B2FE9FA69}.Debug|x86.ActiveCfg = Debug|Any CPU
		{1B47BB61-A48B-4482-B0D6-2B1B2FE9FA69}.Debug|x86.Build.0 = Debug|Any CPU
		{1B47BB61-A48B-4482-B0D6-2B1B2FE9FA69}.Release|Any CPU.ActiveCfg = Release|Any CPU
		{1B47BB61-A48B-4482-B0D6-2B1B2FE9FA69}.Release|Any CPU.Build.0 = Release|Any CPU
		{1B47BB61-A48B-4482-B0D6-2B1B2FE9FA69}.Release|x64.ActiveCfg = Release|Any CPU
		{1B47BB61-A48B-4482-B0D6-2B1B2FE9FA69}.Release|x64.Build.0 = Release|Any CPU
		{1B47BB61-A48B-4482-B0D6-2B1B2FE9FA69}.Release|x86.ActiveCfg = Release|Any CPU
		{1B47BB61-A48B-4482-B0D6-2B1B2FE9FA69}.Release|x86.Build.0 = Release|Any CPU
		{29981C36-9411-486E-9288-C2E060E046A0}.Debug|Any CPU.ActiveCfg = Debug|Any CPU
		{29981C36-9411-486E-9288-C2E060E046A0}.Debug|Any CPU.Build.0 = Debug|Any CPU
		{29981C36-9411-486E-9288-C2E060E046A0}.Debug|x64.ActiveCfg = Debug|Any CPU
		{29981C36-9411-486E-9288-C2E060E046A0}.Debug|x64.Build.0 = Debug|Any CPU
		{29981C36-9411-486E-9288-C2E060E046A0}.Debug|x86.ActiveCfg = Debug|Any CPU
		{29981C36-9411-486E-9288-C2E060E046A0}.Debug|x86.Build.0 = Debug|Any CPU
		{29981C36-9411-486E-9288-C2E060E046A0}.Release|Any CPU.ActiveCfg = Release|Any CPU
		{29981C36-9411-486E-9288-C2E060E046A0}.Release|Any CPU.Build.0 = Release|Any CPU
		{29981C36-9411-486E-9288-C2E060E046A0}.Release|x64.ActiveCfg = Release|Any CPU
		{29981C36-9411-486E-9288-C2E060E046A0}.Release|x64.Build.0 = Release|Any CPU
		{29981C36-9411-486E-9288-C2E060E046A0}.Release|x86.ActiveCfg = Release|Any CPU
		{29981C36-9411-486E-9288-C2E060E046A0}.Release|x86.Build.0 = Release|Any CPU
		{AAB45E11-F627-408F-B69F-9461920EED84}.Debug|Any CPU.ActiveCfg = Debug|Any CPU
		{AAB45E11-F627-408F-B69F-9461920EED84}.Debug|Any CPU.Build.0 = Debug|Any CPU
		{AAB45E11-F627-408F-B69F-9461920EED84}.Debug|x64.ActiveCfg = Debug|Any CPU
		{AAB45E11-F627-408F-B69F-9461920EED84}.Debug|x64.Build.0 = Debug|Any CPU
		{AAB45E11-F627-408F-B69F-9461920EED84}.Debug|x86.ActiveCfg = Debug|Any CPU
		{AAB45E11-F627-408F-B69F-9461920EED84}.Debug|x86.Build.0 = Debug|Any CPU
		{AAB45E11-F627-408F-B69F-9461920EED84}.Release|Any CPU.ActiveCfg = Release|Any CPU
		{AAB45E11-F627-408F-B69F-9461920EED84}.Release|Any CPU.Build.0 = Release|Any CPU
		{AAB45E11-F627-408F-B69F-9461920EED84}.Release|x64.ActiveCfg = Release|Any CPU
		{AAB45E11-F627-408F-B69F-9461920EED84}.Release|x64.Build.0 = Release|Any CPU
		{AAB45E11-F627-408F-B69F-9461920EED84}.Release|x86.ActiveCfg = Release|Any CPU
		{AAB45E11-F627-408F-B69F-9461920EED84}.Release|x86.Build.0 = Release|Any CPU
	EndGlobalSection
	GlobalSection(SolutionProperties) = preSolution
		HideSolutionNode = FALSE
	EndGlobalSection
	GlobalSection(NestedProjects) = preSolution
		{AA5AF955-5AAF-47E2-8123-EE6D7F52DD0B} = {827E0CD3-B72D-47B6-A68D-7590B98EB39B}
		{BBFF9D13-9B40-41D2-A978-3D6D52F6FE12} = {827E0CD3-B72D-47B6-A68D-7590B98EB39B}
		{EC7EFABF-D638-4BC3-BD37-5679F790D879} = {827E0CD3-B72D-47B6-A68D-7590B98EB39B}
		{5D6A5D43-76DA-4D86-9E78-4A5EF6285748} = {827E0CD3-B72D-47B6-A68D-7590B98EB39B}
		{08050276-7FAB-4717-9722-5FD6661F1C5E} = {827E0CD3-B72D-47B6-A68D-7590B98EB39B}
		{0BBD8F23-37C1-450E-9684-22A70CDC9133} = {827E0CD3-B72D-47B6-A68D-7590B98EB39B}
		{86810803-52A9-4090-BFDA-FCEE36BB6D6A} = {827E0CD3-B72D-47B6-A68D-7590B98EB39B}
		{B0C9867D-F4A4-4289-A297-F624C06B04BB} = {827E0CD3-B72D-47B6-A68D-7590B98EB39B}
		{1B47BB61-A48B-4482-B0D6-2B1B2FE9FA69} = {0AB3BF05-4346-4AA6-1389-037BE0695223}
		{29981C36-9411-486E-9288-C2E060E046A0} = {0AB3BF05-4346-4AA6-1389-037BE0695223}
		{AAB45E11-F627-408F-B69F-9461920EED84} = {0AB3BF05-4346-4AA6-1389-037BE0695223}
	EndGlobalSection
EndGlobal
